{
  "nodes": {
    "fenix": {
      "inputs": {
        "rust-analyzer-src": "rust-analyzer-src",
        "nixpkgs": [
          "nixpkgs"
        ]
      },
      "locked": {
        "type": "github",
        "lastModified": 1764312403,
        "narHash": "sha256-fIYA/d2zwKo2C22bKHbptTjaX/FaPHoAV319o8rVT3k=",
        "owner": "nix-community",
        "repo": "fenix",
        "rev": "854e661debfd00575b3f925c500c3260e4f0a6fb"
      },
      "original": {
        "type": "github",
        "owner": "nix-community",
        "repo": "fenix"
      }
    },
    "nixpkgs": {
      "locked": {
        "type": "github",
        "lastModified": 1764020296,
        "narHash": "sha256-6zddwDs2n+n01l+1TG6PlyokDdXzu/oBmEejcH5L5+A=",
        "owner": "NixOS",
        "repo": "nixpkgs",
        "rev": "a320ce8e6e2cc6b4397eef214d202a50a4583829"
      },
      "original": {
        "type": "github",
        "owner": "NixOS",
        "repo": "nixpkgs",
        "ref": "nixos-25.11"
      }
    },
    "nixpkgs-unstable": {
      "locked": {
        "type": "github",
        "lastModified": 1763283776,
        "narHash": "sha256-Y7TDFPK4GlqrKrivOcsHG8xSGqQx3A6c+i7novT85Uk=",
        "owner": "NixOS",
        "repo": "nixpkgs",
        "rev": "50a96edd8d0db6cc8db57dab6bb6d6ee1f3dc49a"
      },
      "original": {
        "type": "github",
        "owner": "NixOS",
        "repo": "nixpkgs",
        "ref": "nixos-unstable"
      }
    },
    "root": {
      "inputs": {
        "nixpkgs-unstable": "nixpkgs-unstable",
        "fenix": "fenix",
        "nixpkgs": "nixpkgs"
      }
    },
    "rust-analyzer-src": {
      "locked": {
        "type": "github",
        "lastModified": 1748695646,
        "narHash": "sha256-VwSuuRF4NvAoeHZJRRlX8zAFZ+nZyuiIvmVqBAX0Bcg=",
        "owner": "rust-lang",
        "repo": "rust-analyzer",
        "rev": "2a388d1103450d814a84eda98efe89c01b158343"
      },
      "original": {
        "type": "github",
        "owner": "rust-lang",
        "repo": "rust-analyzer",
        "ref": "nightly"
      }
    }
  },
  "root": "root",
  "version": 7
}