{
  "nodes": {
    "crane": {
      "locked": {
        "lastModified": 1748047550,
        "narHash": "sha256-t0qLLqb4C1rdtiY8IFRH5KIapTY/n3Lqt57AmxEv9mk=",
        "owner": "ipetkov",
        "repo": "crane",
        "rev": "b718a78696060df6280196a6f992d04c87a16aef",
        "type": "github"
      },
      "original": {
        "owner": "ipetkov",
        "repo": "crane",
        "type": "github"
      }
    },
    "fenix": {
      "inputs": {
        "nixpkgs": [
          "nixpkgs"
        ],
        "rust-analyzer-src": "rust-analyzer-src"
      },
      "locked": {
        "lastModified": 1748759782,
        "narHash": "sha256-MJNhEBsAbxRp/53qsXv6/eaWkGS8zMGX9LuCz1BLeck=",
        "owner": "nix-community",
        "repo": "fenix",
        "rev": "9be40ad995bac282160ff374a47eed67c74f9c2a",
        "type": "github"
      },
      "original": {
        "owner": "nix-community",
        "ref": "monthly",
        "repo": "fenix",
        "type": "github"
      }
    },
    "flake-utils": {
      "inputs": {
        "systems": "systems"
      },
      "locked": {
        "lastModified": 1731533236,
        "narHash": "sha256-l0KFg5HjrsfsO/JpG+r7fRrqm12kzFHyUHqHCVpMMbI=",
        "owner": "numtide",
        "repo": "flake-utils",
        "rev": "11707dc2f618dd54ca8739b309ec4fc024de578b",
        "type": "github"
      },
      "original": {
        "owner": "numtide",
        "repo": "flake-utils",
        "type": "github"
      }
    },
    "nixpkgs": {
      "locked": {
        "lastModified": 1748437600,
        "narHash": "sha256-hYKMs3ilp09anGO7xzfGs3JqEgUqFMnZ8GMAqI6/k04=",
        "owner": "NixOS",
        "repo": "nixpkgs",
        "rev": "7282cb574e0607e65224d33be8241eae7cfe0979",
        "type": "github"
      },
      "original": {
        "owner": "NixOS",
        "ref": "nixos-25.05",
        "repo": "nixpkgs",
        "type": "github"
      }
    },
    "root": {
      "inputs": {
        "crane": "crane",
        "fenix": "fenix",
        "flake-utils": "flake-utils",
        "nixpkgs": "nixpkgs"
      }
    },
    "rust-analyzer-src": {
      "flake": false,
      "locked": {
        "lastModified": 1748695646,
        "narHash": "sha256-VwSuuRF4NvAoeHZJRRlX8zAFZ+nZyuiIvmVqBAX0Bcg=",
        "owner": "rust-lang",
        "repo": "rust-analyzer",
        "rev": "2a388d1103450d814a84eda98efe89c01b158343",
        "type": "github"
      },
      "original": {
        "owner": "rust-lang",
        "ref": "nightly",
        "repo": "rust-analyzer",
        "type": "github"
      }
    },
    "systems": {
      "locked": {
        "lastModified": 1681028828,
        "narHash": "sha256-Vy1rq5AaRuLzOxct8nz4T6wlgyUR7zLU309k9mBC768=",
        "owner": "nix-systems",
        "repo": "default",
        "rev": "da67096a3b9bf56a91d16901293e51ba5b49a27e",
        "type": "github"
      },
      "original": {
        "owner": "nix-systems",
        "repo": "default",
        "type": "github"
      }
    }
  },
  "root": "root",
  "version": 7
}
